
Microsoft Visual Studio Solution File, Format Version 12.00
# Visual Studio Version 16
VisualStudioVersion = 16.0.30114.105
MinimumVisualStudioVersion = 10.0.40219.1
Project("{2150E333-8FDC-42A3-9474-1A3956D46DE8}") = "src", "src", "{52EBF962-4296-49BF-A38D-A11391BD9825}"
EndProject
Project("{FAE04EC0-301F-11D3-BF4B-00C04F79EFBC}") = "creator", "src\creator\creator.csproj", "{5C32EB93-05F1-4F6E-A6CB-5D565E700D1A}"
EndProject
Project("{2150E333-8FDC-42A3-9474-1A3956D46DE8}") = "tests", "tests", "{E9E4F523-5820-4D18-B0E7-289529006235}"
EndProject
Project("{FAE04EC0-301F-11D3-BF4B-00C04F79EFBC}") = "creator-tests", "tests\creator\creator.csproj", "{116FC321-E034-43E4-8CE8-890490B0A210}"
EndProject
Global
	GlobalSection(SolutionConfigurationPlatforms) = preSolution
		Debug|Any CPU = Debug|Any CPU
		Release|Any CPU = Release|Any CPU
	EndGlobalSection
	GlobalSection(SolutionProperties) = preSolution
		HideSolutionNode = FALSE
	EndGlobalSection
	GlobalSection(ProjectConfigurationPlatforms) = postSolution
		{5C32EB93-05F1-4F6E-A6CB-5D565E700D1A}.Debug|Any CPU.ActiveCfg = Debug|Any CPU
		{5C32EB93-05F1-4F6E-A6CB-5D565E700D1A}.Debug|Any CPU.Build.0 = Debug|Any CPU
		{5C32EB93-05F1-4F6E-A6CB-5D565E700D1A}.Release|Any CPU.ActiveCfg = Release|Any CPU
		{5C32EB93-05F1-4F6E-A6CB-5D565E700D1A}.Release|Any CPU.Build.0 = Release|Any CPU
		{116FC321-E034-43E4-8CE8-890490B0A210}.Debug|Any CPU.ActiveCfg = Debug|Any CPU
		{116FC321-E034-43E4-8CE8-890490B0A210}.Debug|Any CPU.Build.0 = Debug|Any CPU
		{116FC321-E034-43E4-8CE8-890490B0A210}.Release|Any CPU.ActiveCfg = Release|Any CPU
		{116FC321-E034-43E4-8CE8-890490B0A210}.Release|Any CPU.Build.0 = Release|Any CPU
	EndGlobalSection
	GlobalSection(NestedProjects) = preSolution
		{5C32EB93-05F1-4F6E-A6CB-5D565E700D1A} = {52EBF962-4296-49BF-A38D-A11391BD9825}
		{116FC321-E034-43E4-8CE8-890490B0A210} = {E9E4F523-5820-4D18-B0E7-289529006235}
	EndGlobalSection
EndGlobal
